// !$*UTF8*$!
{
	archiveVersion = 1;
	classes = {
	};
	objectVersion = 48;
	objects = {

/* Begin PBXBuildFile section */
		5A35EEF01FAA78B200B31423 /* Mario.swift in Sources */ = {isa = PBXBuildFile; fileRef = 5A35EEEF1FAA78B200B31423 /* Mario.swift */; };
		5ABBD8A41FAB9F76006E1CC5 /* jump.mp3 in Resources */ = {isa = PBXBuildFile; fileRef = 5ABBD8A31FAB9F76006E1CC5 /* jump.mp3 */; };
		5AF8AAD21FAA6A490038261B /* AppDelegate.swift in Sources */ = {isa = PBXBuildFile; fileRef = 5AF8AAD11FAA6A490038261B /* AppDelegate.swift */; };
		5AF8AAD41FAA6A490038261B /* GameScene.sks in Resources */ = {isa = PBXBuildFile; fileRef = 5AF8AAD31FAA6A490038261B /* GameScene.sks */; };
		5AF8AAD81FAA6A490038261B /* GameScene.swift in Sources */ = {isa = PBXBuildFile; fileRef = 5AF8AAD71FAA6A490038261B /* GameScene.swift */; };
		5AF8AADA1FAA6A490038261B /* GameViewController.swift in Sources */ = {isa = PBXBuildFile; fileRef = 5AF8AAD91FAA6A490038261B /* GameViewController.swift */; };
		5AF8AADD1FAA6A490038261B /* Main.storyboard in Resources */ = {isa = PBXBuildFile; fileRef = 5AF8AADB1FAA6A490038261B /* Main.storyboard */; };
		5AF8AADF1FAA6A490038261B /* Assets.xcassets in Resources */ = {isa = PBXBuildFile; fileRef = 5AF8AADE1FAA6A490038261B /* Assets.xcassets */; };
		5AF8AAE21FAA6A490038261B /* LaunchScreen.storyboard in Resources */ = {isa = PBXBuildFile; fileRef = 5AF8AAE01FAA6A490038261B /* LaunchScreen.storyboard */; };
		5AFDBD0D1FACBD3B003DDC18 /* dead.mp3 in Resources */ = {isa = PBXBuildFile; fileRef = 5AFDBD0C1FACBD3B003DDC18 /* dead.mp3 */; };
		5AFDBD111FACD1D8003DDC18 /* underworld.mp3 in Resources */ = {isa = PBXBuildFile; fileRef = 5AFDBD0F1FACD1D8003DDC18 /* underworld.mp3 */; };
		5AFDBD121FACD1D8003DDC18 /* ground.mp3 in Resources */ = {isa = PBXBuildFile; fileRef = 5AFDBD101FACD1D8003DDC18 /* ground.mp3 */; };
/* End PBXBuildFile section */

/* Begin PBXFileReference section */
		5A35EEEF1FAA78B200B31423 /* Mario.swift */ = {isa = PBXFileReference; lastKnownFileType = sourcecode.swift; path = Mario.swift; sourceTree = "<group>"; };
		5ABBD8A31FAB9F76006E1CC5 /* jump.mp3 */ = {isa = PBXFileReference; lastKnownFileType = audio.mp3; path = jump.mp3; sourceTree = "<group>"; };
		5AF8AACE1FAA6A490038261B /* Mario.app */ = {isa = PBXFileReference; explicitFileType = wrapper.application; includeInIndex = 0; path = Mario.app; sourceTree = BUILT_PRODUCTS_DIR; };
		5AF8AAD11FAA6A490038261B /* AppDelegate.swift */ = {isa = PBXFileReference; lastKnownFileType = sourcecode.swift; path = AppDelegate.swift; sourceTree = "<group>"; };
		5AF8AAD31FAA6A490038261B /* GameScene.sks */ = {isa = PBXFileReference; lastKnownFileType = file.sks; path = GameScene.sks; sourceTree = "<group>"; };
		5AF8AAD71FAA6A490038261B /* GameScene.swift */ = {isa = PBXFileReference; lastKnownFileType = sourcecode.swift; path = GameScene.swift; sourceTree = "<group>"; };
		5AF8AAD91FAA6A490038261B /* GameViewController.swift */ = {isa = PBXFileReference; lastKnownFileType = sourcecode.swift; path = GameViewController.swift; sourceTree = "<group>"; };
		5AF8AADC1FAA6A490038261B /* Base */ = {isa = PBXFileReference; lastKnownFileType = file.storyboard; name = Base; path = Base.lproj/Main.storyboard; sourceTree = "<group>"; };
		5AF8AADE1FAA6A490038261B /* Assets.xcassets */ = {isa = PBXFileReference; lastKnownFileType = folder.assetcatalog; path = Assets.xcassets; sourceTree = "<group>"; };
		5AF8AAE11FAA6A490038261B /* Base */ = {isa = PBXFileReference; lastKnownFileType = file.storyboard; name = Base; path = Base.lproj/LaunchScreen.storyboard; sourceTree = "<group>"; };
		5AF8AAE31FAA6A490038261B /* Info.plist */ = {isa = PBXFileReference; lastKnownFileType = text.plist.xml; path = Info.plist; sourceTree = "<group>"; };
		5AFDBD0C1FACBD3B003DDC18 /* dead.mp3 */ = {isa = PBXFileReference; lastKnownFileType = audio.mp3; path = dead.mp3; sourceTree = "<group>"; };
		5AFDBD0F1FACD1D8003DDC18 /* underworld.mp3 */ = {isa = PBXFileReference; lastKnownFileType = audio.mp3; path = underworld.mp3; sourceTree = "<group>"; };
		5AFDBD101FACD1D8003DDC18 /* ground.mp3 */ = {isa = PBXFileReference; lastKnownFileType = audio.mp3; path = ground.mp3; sourceTree = "<group>"; };
/* End PBXFileReference section */

/* Begin PBXFrameworksBuildPhase section */
		5AF8AACB1FAA6A490038261B /* Frameworks */ = {
			isa = PBXFrameworksBuildPhase;
			buildActionMask = 2147483647;
			files = (
			);
			runOnlyForDeploymentPostprocessing = 0;
		};
/* End PBXFrameworksBuildPhase section */

/* Begin PBXGroup section */
		5A3B14D41FAA6BDB00E0A5A4 /* Main */ = {
			isa = PBXGroup;
			children = (
				5AF8AAD71FAA6A490038261B /* GameScene.swift */,
				5AF8AAD91FAA6A490038261B /* GameViewController.swift */,
				5AF8AADB1FAA6A490038261B /* Main.storyboard */,
				5A35EEEF1FAA78B200B31423 /* Mario.swift */,
			);
			path = Main;
			sourceTree = "<group>";
		};
		5AF8AAC51FAA6A490038261B = {
			isa = PBXGroup;
			children = (
				5AF8AAD01FAA6A490038261B /* Mario */,
				5AF8AACF1FAA6A490038261B /* Products */,
			);
			sourceTree = "<group>";
		};
		5AF8AACF1FAA6A490038261B /* Products */ = {
			isa = PBXGroup;
			children = (
				5AF8AACE1FAA6A490038261B /* Mario.app */,
			);
			name = Products;
			sourceTree = "<group>";
		};
		5AF8AAD01FAA6A490038261B /* Mario */ = {
			isa = PBXGroup;
			children = (
				5AFDBD0E1FACBD40003DDC18 /* Sounds */,
				5A3B14D41FAA6BDB00E0A5A4 /* Main */,
				5AF8AAE91FAA6A520038261B /* Supporting Files */,
				5AF8AAD31FAA6A490038261B /* GameScene.sks */,
				5AF8AADE1FAA6A490038261B /* Assets.xcassets */,
				5AF8AAE01FAA6A490038261B /* LaunchScreen.storyboard */,
				5AF8AAE31FAA6A490038261B /* Info.plist */,
			);
			path = Mario;
			sourceTree = "<group>";
		};
		5AF8AAE91FAA6A520038261B /* Supporting Files */ = {
			isa = PBXGroup;
			children = (
				5AF8AAD11FAA6A490038261B /* AppDelegate.swift */,
			);
			path = "Supporting Files";
			sourceTree = "<group>";
		};
		5AFDBD0E1FACBD40003DDC18 /* Sounds */ = {
			isa = PBXGroup;
			children = (
				5AFDBD101FACD1D8003DDC18 /* ground.mp3 */,
				5AFDBD0F1FACD1D8003DDC18 /* underworld.mp3 */,
				5ABBD8A31FAB9F76006E1CC5 /* jump.mp3 */,
				5AFDBD0C1FACBD3B003DDC18 /* dead.mp3 */,
			);
			path = Sounds;
			sourceTree = "<group>";
		};
/* End PBXGroup section */

/* Begin PBXNativeTarget section */
		5AF8AACD1FAA6A490038261B /* Mario */ = {
			isa = PBXNativeTarget;
			buildConfigurationList = 5AF8AAE61FAA6A490038261B /* Build configuration list for PBXNativeTarget "Mario" */;
			buildPhases = (
				5AF8AACA1FAA6A490038261B /* Sources */,
				5AF8AACB1FAA6A490038261B /* Frameworks */,
				5AF8AACC1FAA6A490038261B /* Resources */,
			);
			buildRules = (
			);
			dependencies = (
			);
			name = Mario;
			productName = Mario;
			productReference = 5AF8AACE1FAA6A490038261B /* Mario.app */;
			productType = "com.apple.product-type.application";
		};
/* End PBXNativeTarget section */

/* Begin PBXProject section */
		5AF8AAC61FAA6A490038261B /* Project object */ = {
			isa = PBXProject;
			attributes = {
				LastSwiftUpdateCheck = 0900;
				LastUpgradeCheck = 0900;
				ORGANIZATIONNAME = Monsanto;
				TargetAttributes = {
					5AF8AACD1FAA6A490038261B = {
						CreatedOnToolsVersion = 9.0;
						ProvisioningStyle = Automatic;
					};
				};
			};
			buildConfigurationList = 5AF8AAC91FAA6A490038261B /* Build configuration list for PBXProject "Mario" */;
			compatibilityVersion = "Xcode 8.0";
			developmentRegion = en;
			hasScannedForEncodings = 0;
			knownRegions = (
				en,
				Base,
			);
			mainGroup = 5AF8AAC51FAA6A490038261B;
			productRefGroup = 5AF8AACF1FAA6A490038261B /* Products */;
			projectDirPath = "";
			projectRoot = "";
			targets = (
				5AF8AACD1FAA6A490038261B /* Mario */,
			);
		};
/* End PBXProject section */

/* Begin PBXResourcesBuildPhase section */
		5AF8AACC1FAA6A490038261B /* Resources */ = {
			isa = PBXResourcesBuildPhase;
			buildActionMask = 2147483647;
			files = (
				5AFDBD121FACD1D8003DDC18 /* ground.mp3 in Resources */,
				5AF8AADD1FAA6A490038261B /* Main.storyboard in Resources */,
				5AF8AAD41FAA6A490038261B /* GameScene.sks in Resources */,
				5AFDBD111FACD1D8003DDC18 /* underworld.mp3 in Resources */,
				5AFDBD0D1FACBD3B003DDC18 /* dead.mp3 in Resources */,
				5ABBD8A41FAB9F76006E1CC5 /* jump.mp3 in Resources */,
				5AF8AADF1FAA6A490038261B /* Assets.xcassets in Resources */,
				5AF8AAE21FAA6A490038261B /* LaunchScreen.storyboard in Resources */,
			);
			runOnlyForDeploymentPostprocessing = 0;
		};
/* End PBXResourcesBuildPhase section */

/* Begin PBXSourcesBuildPhase section */
		5AF8AACA1FAA6A490038261B /* Sources */ = {
			isa = PBXSourcesBuildPhase;
			buildActionMask = 2147483647;
			files = (
				5AF8AAD81FAA6A490038261B /* GameScene.swift in Sources */,
				5AF8AADA1FAA6A490038261B /* GameViewController.swift in Sources */,
				5A35EEF01FAA78B200B31423 /* Mario.swift in Sources */,
				5AF8AAD21FAA6A490038261B /* AppDelegate.swift in Sources */,
			);
			runOnlyForDeploymentPostprocessing = 0;
		};
/* End PBXSourcesBuildPhase section */

/* Begin PBXVariantGroup section */
		5AF8AADB1FAA6A490038261B /* Main.storyboard */ = {
			isa = PBXVariantGroup;
			children = (
				5AF8AADC1FAA6A490038261B /* Base */,
			);
			name = Main.storyboard;
			sourceTree = "<group>";
		};
		5AF8AAE01FAA6A490038261B /* LaunchScreen.storyboard */ = {
			isa = PBXVariantGroup;
			children = (
				5AF8AAE11FAA6A490038261B /* Base */,
			);
			name = LaunchScreen.storyboard;
			sourceTree = "<group>";
		};
/* End PBXVariantGroup section */

/* Begin XCBuildConfiguration section */
		5AF8AAE41FAA6A490038261B /* Debug */ = {
			isa = XCBuildConfiguration;
			buildSettings = {
				ALWAYS_SEARCH_USER_PATHS = NO;
				CLANG_ANALYZER_NONNULL = YES;
				CLANG_ANALYZER_NUMBER_OBJECT_CONVERSION = YES_AGGRESSIVE;
				CLANG_CXX_LANGUAGE_STANDARD = "gnu++14";
				CLANG_CXX_LIBRARY = "libc++";
				CLANG_ENABLE_MODULES = YES;
				CLANG_ENABLE_OBJC_ARC = YES;
				CLANG_WARN_BLOCK_CAPTURE_AUTORELEASING = YES;
				CLANG_WARN_BOOL_CONVERSION = YES;
				CLANG_WARN_COMMA = YES;
				CLANG_WARN_CONSTANT_CONVERSION = YES;
				CLANG_WARN_DIRECT_OBJC_ISA_USAGE = YES_ERROR;
				CLANG_WARN_DOCUMENTATION_COMMENTS = YES;
				CLANG_WARN_EMPTY_BODY = YES;
				CLANG_WARN_ENUM_CONVERSION = YES;
				CLANG_WARN_INFINITE_RECURSION = YES;
				CLANG_WARN_INT_CONVERSION = YES;
				CLANG_WARN_NON_LITERAL_NULL_CONVERSION = YES;
				CLANG_WARN_OBJC_LITERAL_CONVERSION = YES;
				CLANG_WARN_OBJC_ROOT_CLASS = YES_ERROR;
				CLANG_WARN_RANGE_LOOP_ANALYSIS = YES;
				CLANG_WARN_STRICT_PROTOTYPES = YES;
				CLANG_WARN_SUSPICIOUS_MOVE = YES;
				CLANG_WARN_UNGUARDED_AVAILABILITY = YES_AGGRESSIVE;
				CLANG_WARN_UNREACHABLE_CODE = YES;
				CLANG_WARN__DUPLICATE_METHOD_MATCH = YES;
				CODE_SIGN_IDENTITY = "iPhone Developer";
				COPY_PHASE_STRIP = NO;
				DEBUG_INFORMATION_FORMAT = dwarf;
				ENABLE_STRICT_OBJC_MSGSEND = YES;
				ENABLE_TESTABILITY = YES;
				GCC_C_LANGUAGE_STANDARD = gnu11;
				GCC_DYNAMIC_NO_PIC = NO;
				GCC_NO_COMMON_BLOCKS = YES;
				GCC_OPTIMIZATION_LEVEL = 0;
				GCC_PREPROCESSOR_DEFINITIONS = (
					"DEBUG=1",
					"$(inherited)",
				);
				GCC_WARN_64_TO_32_BIT_CONVERSION = YES;
				GCC_WARN_ABOUT_RETURN_TYPE = YES_ERROR;
				GCC_WARN_UNDECLARED_SELECTOR = YES;
				GCC_WARN_UNINITIALIZED_AUTOS = YES_AGGRESSIVE;
				GCC_WARN_UNUSED_FUNCTION = YES;
				GCC_WARN_UNUSED_VARIABLE = YES;
				IPHONEOS_DEPLOYMENT_TARGET = 11.0;
				MTL_ENABLE_DEBUG_INFO = YES;
				ONLY_ACTIVE_ARCH = YES;
				SDKROOT = iphoneos;
				SWIFT_ACTIVE_COMPILATION_CONDITIONS = DEBUG;
				SWIFT_OPTIMIZATION_LEVEL = "-Onone";
			};
			name = Debug;
		};
		5AF8AAE51FAA6A490038261B /* Release */ = {
			isa = XCBuildConfiguration;
			buildSettings = {
				ALWAYS_SEARCH_USER_PATHS = NO;
				CLANG_ANALYZER_NONNULL = YES;
				CLANG_ANALYZER_NUMBER_OBJECT_CONVERSION = YES_AGGRESSIVE;
				CLANG_CXX_LANGUAGE_STANDARD = "gnu++14";
				CLANG_CXX_LIBRARY = "libc++";
				CLANG_ENABLE_MODULES = YES;
				CLANG_ENABLE_OBJC_ARC = YES;
				CLANG_WARN_BLOCK_CAPTURE_AUTORELEASING = YES;
				CLANG_WARN_BOOL_CONVERSION = YES;
				CLANG_WARN_COMMA = YES;
				CLANG_WARN_CONSTANT_CONVERSION = YES;
				CLANG_WARN_DIRECT_OBJC_ISA_USAGE = YES_ERROR;
				CLANG_WARN_DOCUMENTATION_COMMENTS = YES;
				CLANG_WARN_EMPTY_BODY = YES;
				CLANG_WARN_ENUM_CONVERSION = YES;
				CLANG_WARN_INFINITE_RECURSION = YES;
				CLANG_WARN_INT_CONVERSION = YES;
				CLANG_WARN_NON_LITERAL_NULL_CONVERSION = YES;
				CLANG_WARN_OBJC_LITERAL_CONVERSION = YES;
				CLANG_WARN_OBJC_ROOT_CLASS = YES_ERROR;
				CLANG_WARN_RANGE_LOOP_ANALYSIS = YES;
				CLANG_WARN_STRICT_PROTOTYPES = YES;
				CLANG_WARN_SUSPICIOUS_MOVE = YES;
				CLANG_WARN_UNGUARDED_AVAILABILITY = YES_AGGRESSIVE;
				CLANG_WARN_UNREACHABLE_CODE = YES;
				CLANG_WARN__DUPLICATE_METHOD_MATCH = YES;
				CODE_SIGN_IDENTITY = "iPhone Developer";
				COPY_PHASE_STRIP = NO;
				DEBUG_INFORMATION_FORMAT = "dwarf-with-dsym";
				ENABLE_NS_ASSERTIONS = NO;
				ENABLE_STRICT_OBJC_MSGSEND = YES;
				GCC_C_LANGUAGE_STANDARD = gnu11;
				GCC_NO_COMMON_BLOCKS = YES;
				GCC_WARN_64_TO_32_BIT_CONVERSION = YES;
				GCC_WARN_ABOUT_RETURN_TYPE = YES_ERROR;
				GCC_WARN_UNDECLARED_SELECTOR = YES;
				GCC_WARN_UNINITIALIZED_AUTOS = YES_AGGRESSIVE;
				GCC_WARN_UNUSED_FUNCTION = YES;
				GCC_WARN_UNUSED_VARIABLE = YES;
				IPHONEOS_DEPLOYMENT_TARGET = 11.0;
				MTL_ENABLE_DEBUG_INFO = NO;
				SDKROOT = iphoneos;
				SWIFT_OPTIMIZATION_LEVEL = "-Owholemodule";
				VALIDATE_PRODUCT = YES;
			};
			name = Release;
		};
		5AF8AAE71FAA6A490038261B /* Debug */ = {
			isa = XCBuildConfiguration;
			buildSettings = {
				ASSETCATALOG_COMPILER_APPICON_NAME = AppIcon;
				CODE_SIGN_STYLE = Automatic;
				DEVELOPMENT_TEAM = 557EJSX593;
				INFOPLIST_FILE = Mario/Info.plist;
				LD_RUNPATH_SEARCH_PATHS = "$(inherited) @executable_path/Frameworks";
				PRODUCT_BUNDLE_IDENTIFIER = com.monsanto.field.Mario;
				PRODUCT_NAME = "$(TARGET_NAME)";
				SWIFT_VERSION = 4.0;
				TARGETED_DEVICE_FAMILY = "1,2";
			};
			name = Debug;
		};
		5AF8AAE81FAA6A490038261B /* Release */ = {
			isa = XCBuildConfiguration;
			buildSettings = {
				ASSETCATALOG_COMPILER_APPICON_NAME = AppIcon;
				CODE_SIGN_STYLE = Automatic;
				DEVELOPMENT_TEAM = 557EJSX593;
				INFOPLIST_FILE = Mario/Info.plist;
				LD_RUNPATH_SEARCH_PATHS = "$(inherited) @executable_path/Frameworks";
				PRODUCT_BUNDLE_IDENTIFIER = com.monsanto.field.Mario;
				PRODUCT_NAME = "$(TARGET_NAME)";
				SWIFT_VERSION = 4.0;
				TARGETED_DEVICE_FAMILY = "1,2";
			};
			name = Release;
		};
/* End XCBuildConfiguration section */

/* Begin XCConfigurationList section */
		5AF8AAC91FAA6A490038261B /* Build configuration list for PBXProject "Mario" */ = {
			isa = XCConfigurationList;
			buildConfigurations = (
				5AF8AAE41FAA6A490038261B /* Debug */,
				5AF8AAE51FAA6A490038261B /* Release */,
			);
			defaultConfigurationIsVisible = 0;
			defaultConfigurationName = Release;
		};
		5AF8AAE61FAA6A490038261B /* Build configuration list for PBXNativeTarget "Mario" */ = {
			isa = XCConfigurationList;
			buildConfigurations = (
				5AF8AAE71FAA6A490038261B /* Debug */,
				5AF8AAE81FAA6A490038261B /* Release */,
			);
			defaultConfigurationIsVisible = 0;
			defaultConfigurationName = Release;
		};
/* End XCConfigurationList section */
	};
	rootObject = 5AF8AAC61FAA6A490038261B /* Project object */;
}
